
Microsoft Visual Studio Solution File, Format Version 12.00
# Visual Studio Version 16
VisualStudioVersion = 16.0.31303.267
MinimumVisualStudioVersion = 10.0.40219.1
Project("{9A19103F-16F7-4668-BE54-9A1E7A4F7556}") = "HelloAndroidNet6", "HelloAndroidNet6.csproj", "{5EDDF0A7-ACE6-441F-9DA5-6CF62CF5C048}"
EndProject
Global
	GlobalSection(SolutionConfigurationPlatforms) = preSolution
		Debug|Any CPU = Debug|Any CPU
		Release|Any CPU = Release|Any CPU
	EndGlobalSection
	GlobalSection(ProjectConfigurationPlatforms) = postSolution
		{5EDDF0A7-ACE6-441F-9DA5-6CF62CF5C048}.Debug|Any CPU.ActiveCfg = Debug|Any CPU
		{5EDDF0A7-ACE6-441F-9DA5-6CF62CF5C048}.Debug|Any CPU.Build.0 = Debug|Any CPU
		{5EDDF0A7-ACE6-441F-9DA5-6CF62CF5C048}.Debug|Any CPU.Deploy.0 = Debug|Any CPU
		{5EDDF0A7-ACE6-441F-9DA5-6CF62CF5C048}.Release|Any CPU.ActiveCfg = Release|Any CPU
		{5EDDF0A7-ACE6-441F-9DA5-6CF62CF5C048}.Release|Any CPU.Build.0 = Release|Any CPU
		{5EDDF0A7-ACE6-441F-9DA5-6CF62CF5C048}.Release|Any CPU.Deploy.0 = Release|Any CPU
	EndGlobalSection
	GlobalSection(SolutionProperties) = preSolution
		HideSolutionNode = FALSE
	EndGlobalSection
	GlobalSection(ExtensibilityGlobals) = postSolution
		SolutionGuid = {3519903F-4F74-4E29-97FD-43EB37E9B32C}
	EndGlobalSection
EndGlobal
