
Microsoft Visual Studio Solution File, Format Version 12.00
# Visual Studio Version 16
VisualStudioVersion = 16.0.30428.66
MinimumVisualStudioVersion = 10.0.40219.1
Project("{FAE04EC0-301F-11D3-BF4B-00C04F79EFBC}") = "HelloWorld.UWP", "HelloWorld\HelloWorld.UWP\HelloWorld.UWP.csproj", "{FF58921F-9DFB-4B0C-9007-B244A03C5D68}"
EndProject
Project("{FAE04EC0-301F-11D3-BF4B-00C04F79EFBC}") = "HelloWorld.Android", "HelloWorld\HelloWorld.Android\HelloWorld.Android.csproj", "{C8B3A6BD-7A6B-46FB-982E-52D34868EF32}"
EndProject
Project("{FAE04EC0-301F-11D3-BF4B-00C04F79EFBC}") = "HelloWorld.iOS", "HelloWorld\HelloWorld.iOS\HelloWorld.iOS.csproj", "{2E2DD9EF-29F0-41BD-8D28-ED4783BFEAD9}"
EndProject
Project("{FAE04EC0-301F-11D3-BF4B-00C04F79EFBC}") = "HelloWorld", "HelloWorld\HelloWorld\HelloWorld.csproj", "{E1CD04BC-6576-46B2-BF77-C722CE594FC8}"
EndProject
Global
	GlobalSection(SolutionConfigurationPlatforms) = preSolution
		Debug|Any CPU = Debug|Any CPU
		Debug|ARM = Debug|ARM
		Debug|iPhone = Debug|iPhone
		Debug|iPhoneSimulator = Debug|iPhoneSimulator
		Debug|x64 = Debug|x64
		Debug|x86 = Debug|x86
		Release|Any CPU = Release|Any CPU
		Release|ARM = Release|ARM
		Release|iPhone = Release|iPhone
		Release|iPhoneSimulator = Release|iPhoneSimulator
		Release|x64 = Release|x64
		Release|x86 = Release|x86
	EndGlobalSection
	GlobalSection(ProjectConfigurationPlatforms) = postSolution
		{FF58921F-9DFB-4B0C-9007-B244A03C5D68}.Debug|Any CPU.ActiveCfg = Debug|x86
		{FF58921F-9DFB-4B0C-9007-B244A03C5D68}.Debug|Any CPU.Build.0 = Debug|x86
		{FF58921F-9DFB-4B0C-9007-B244A03C5D68}.Debug|Any CPU.Deploy.0 = Debug|x86
		{FF58921F-9DFB-4B0C-9007-B244A03C5D68}.Debug|ARM.ActiveCfg = Debug|ARM
		{FF58921F-9DFB-4B0C-9007-B244A03C5D68}.Debug|ARM.Build.0 = Debug|ARM
		{FF58921F-9DFB-4B0C-9007-B244A03C5D68}.Debug|ARM.Deploy.0 = Debug|ARM
		{FF58921F-9DFB-4B0C-9007-B244A03C5D68}.Debug|iPhone.ActiveCfg = Debug|x86
		{FF58921F-9DFB-4B0C-9007-B244A03C5D68}.Debug|iPhone.Build.0 = Debug|x86
		{FF58921F-9DFB-4B0C-9007-B244A03C5D68}.Debug|iPhone.Deploy.0 = Debug|x86
		{FF58921F-9DFB-4B0C-9007-B244A03C5D68}.Debug|iPhoneSimulator.ActiveCfg = Debug|x86
		{FF58921F-9DFB-4B0C-9007-B244A03C5D68}.Debug|iPhoneSimulator.Build.0 = Debug|x86
		{FF58921F-9DFB-4B0C-9007-B244A03C5D68}.Debug|iPhoneSimulator.Deploy.0 = Debug|x86
		{FF58921F-9DFB-4B0C-9007-B244A03C5D68}.Debug|x64.ActiveCfg = Debug|x64
		{FF58921F-9DFB-4B0C-9007-B244A03C5D68}.Debug|x64.Build.0 = Debug|x64
		{FF58921F-9DFB-4B0C-9007-B244A03C5D68}.Debug|x64.Deploy.0 = Debug|x64
		{FF58921F-9DFB-4B0C-9007-B244A03C5D68}.Debug|x86.ActiveCfg = Debug|x86
		{FF58921F-9DFB-4B0C-9007-B244A03C5D68}.Debug|x86.Build.0 = Debug|x86
		{FF58921F-9DFB-4B0C-9007-B244A03C5D68}.Debug|x86.Deploy.0 = Debug|x86
		{FF58921F-9DFB-4B0C-9007-B244A03C5D68}.Release|Any CPU.ActiveCfg = Release|x86
		{FF58921F-9DFB-4B0C-9007-B244A03C5D68}.Release|Any CPU.Build.0 = Release|x86
		{FF58921F-9DFB-4B0C-9007-B244A03C5D68}.Release|Any CPU.Deploy.0 = Release|x86
		{FF58921F-9DFB-4B0C-9007-B244A03C5D68}.Release|ARM.ActiveCfg = Release|ARM
		{FF58921F-9DFB-4B0C-9007-B244A03C5D68}.Release|ARM.Build.0 = Release|ARM
		{FF58921F-9DFB-4B0C-9007-B244A03C5D68}.Release|ARM.Deploy.0 = Release|ARM
		{FF58921F-9DFB-4B0C-9007-B244A03C5D68}.Release|iPhone.ActiveCfg = Release|x86
		{FF58921F-9DFB-4B0C-9007-B244A03C5D68}.Release|iPhone.Build.0 = Release|x86
		{FF58921F-9DFB-4B0C-9007-B244A03C5D68}.Release|iPhone.Deploy.0 = Release|x86
		{FF58921F-9DFB-4B0C-9007-B244A03C5D68}.Release|iPhoneSimulator.ActiveCfg = Release|x86
		{FF58921F-9DFB-4B0C-9007-B244A03C5D68}.Release|iPhoneSimulator.Build.0 = Release|x86
		{FF58921F-9DFB-4B0C-9007-B244A03C5D68}.Release|iPhoneSimulator.Deploy.0 = Release|x86
		{FF58921F-9DFB-4B0C-9007-B244A03C5D68}.Release|x64.ActiveCfg = Release|x64
		{FF58921F-9DFB-4B0C-9007-B244A03C5D68}.Release|x64.Build.0 = Release|x64
		{FF58921F-9DFB-4B0C-9007-B244A03C5D68}.Release|x64.Deploy.0 = Release|x64
		{FF58921F-9DFB-4B0C-9007-B244A03C5D68}.Release|x86.ActiveCfg = Release|x86
		{FF58921F-9DFB-4B0C-9007-B244A03C5D68}.Release|x86.Build.0 = Release|x86
		{FF58921F-9DFB-4B0C-9007-B244A03C5D68}.Release|x86.Deploy.0 = Release|x86
		{C8B3A6BD-7A6B-46FB-982E-52D34868EF32}.Debug|Any CPU.ActiveCfg = Debug|Any CPU
		{C8B3A6BD-7A6B-46FB-982E-52D34868EF32}.Debug|Any CPU.Build.0 = Debug|Any CPU
		{C8B3A6BD-7A6B-46FB-982E-52D34868EF32}.Debug|Any CPU.Deploy.0 = Debug|Any CPU
		{C8B3A6BD-7A6B-46FB-982E-52D34868EF32}.Debug|ARM.ActiveCfg = Debug|Any CPU
		{C8B3A6BD-7A6B-46FB-982E-52D34868EF32}.Debug|ARM.Build.0 = Debug|Any CPU
		{C8B3A6BD-7A6B-46FB-982E-52D34868EF32}.Debug|ARM.Deploy.0 = Debug|Any CPU
		{C8B3A6BD-7A6B-46FB-982E-52D34868EF32}.Debug|iPhone.ActiveCfg = Debug|Any CPU
		{C8B3A6BD-7A6B-46FB-982E-52D34868EF32}.Debug|iPhone.Build.0 = Debug|Any CPU
		{C8B3A6BD-7A6B-46FB-982E-52D34868EF32}.Debug|iPhone.Deploy.0 = Debug|Any CPU
		{C8B3A6BD-7A6B-46FB-982E-52D34868EF32}.Debug|iPhoneSimulator.ActiveCfg = Debug|Any CPU
		{C8B3A6BD-7A6B-46FB-982E-52D34868EF32}.Debug|iPhoneSimulator.Build.0 = Debug|Any CPU
		{C8B3A6BD-7A6B-46FB-982E-52D34868EF32}.Debug|iPhoneSimulator.Deploy.0 = Debug|Any CPU
		{C8B3A6BD-7A6B-46FB-982E-52D34868EF32}.Debug|x64.ActiveCfg = Debug|Any CPU
		{C8B3A6BD-7A6B-46FB-982E-52D34868EF32}.Debug|x64.Build.0 = Debug|Any CPU
		{C8B3A6BD-7A6B-46FB-982E-52D34868EF32}.Debug|x64.Deploy.0 = Debug|Any CPU
		{C8B3A6BD-7A6B-46FB-982E-52D34868EF32}.Debug|x86.ActiveCfg = Debug|Any CPU
		{C8B3A6BD-7A6B-46FB-982E-52D34868EF32}.Debug|x86.Build.0 = Debug|Any CPU
		{C8B3A6BD-7A6B-46FB-982E-52D34868EF32}.Debug|x86.Deploy.0 = Debug|Any CPU
		{C8B3A6BD-7A6B-46FB-982E-52D34868EF32}.Release|Any CPU.ActiveCfg = Release|Any CPU
		{C8B3A6BD-7A6B-46FB-982E-52D34868EF32}.Release|Any CPU.Build.0 = Release|Any CPU
		{C8B3A6BD-7A6B-46FB-982E-52D34868EF32}.Release|Any CPU.Deploy.0 = Release|Any CPU
		{C8B3A6BD-7A6B-46FB-982E-52D34868EF32}.Release|ARM.ActiveCfg = Release|Any CPU
		{C8B3A6BD-7A6B-46FB-982E-52D34868EF32}.Release|ARM.Build.0 = Release|Any CPU
		{C8B3A6BD-7A6B-46FB-982E-52D34868EF32}.Release|ARM.Deploy.0 = Release|Any CPU
		{C8B3A6BD-7A6B-46FB-982E-52D34868EF32}.Release|iPhone.ActiveCfg = Release|Any CPU
		{C8B3A6BD-7A6B-46FB-982E-52D34868EF32}.Release|iPhone.Build.0 = Release|Any CPU
		{C8B3A6BD-7A6B-46FB-982E-52D34868EF32}.Release|iPhone.Deploy.0 = Release|Any CPU
		{C8B3A6BD-7A6B-46FB-982E-52D34868EF32}.Release|iPhoneSimulator.ActiveCfg = Release|Any CPU
		{C8B3A6BD-7A6B-46FB-982E-52D34868EF32}.Release|iPhoneSimulator.Build.0 = Release|Any CPU
		{C8B3A6BD-7A6B-46FB-982E-52D34868EF32}.Release|iPhoneSimulator.Deploy.0 = Release|Any CPU
		{C8B3A6BD-7A6B-46FB-982E-52D34868EF32}.Release|x64.ActiveCfg = Release|Any CPU
		{C8B3A6BD-7A6B-46FB-982E-52D34868EF32}.Release|x64.Build.0 = Release|Any CPU
		{C8B3A6BD-7A6B-46FB-982E-52D34868EF32}.Release|x64.Deploy.0 = Release|Any CPU
		{C8B3A6BD-7A6B-46FB-982E-52D34868EF32}.Release|x86.ActiveCfg = Release|Any CPU
		{C8B3A6BD-7A6B-46FB-982E-52D34868EF32}.Release|x86.Build.0 = Release|Any CPU
		{C8B3A6BD-7A6B-46FB-982E-52D34868EF32}.Release|x86.Deploy.0 = Release|Any CPU
		{2E2DD9EF-29F0-41BD-8D28-ED4783BFEAD9}.Debug|Any CPU.ActiveCfg = Debug|iPhone
		{2E2DD9EF-29F0-41BD-8D28-ED4783BFEAD9}.Debug|Any CPU.Build.0 = Debug|iPhone
		{2E2DD9EF-29F0-41BD-8D28-ED4783BFEAD9}.Debug|Any CPU.Deploy.0 = Debug|iPhone
		{2E2DD9EF-29F0-41BD-8D28-ED4783BFEAD9}.Debug|ARM.ActiveCfg = Debug|iPhone
		{2E2DD9EF-29F0-41BD-8D28-ED4783BFEAD9}.Debug|ARM.Build.0 = Debug|iPhone
		{2E2DD9EF-29F0-41BD-8D28-ED4783BFEAD9}.Debug|ARM.Deploy.0 = Debug|iPhone
		{2E2DD9EF-29F0-41BD-8D28-ED4783BFEAD9}.Debug|iPhone.ActiveCfg = Debug|iPhone
		{2E2DD9EF-29F0-41BD-8D28-ED4783BFEAD9}.Debug|iPhone.Build.0 = Debug|iPhone
		{2E2DD9EF-29F0-41BD-8D28-ED4783BFEAD9}.Debug|iPhone.Deploy.0 = Debug|iPhone
		{2E2DD9EF-29F0-41BD-8D28-ED4783BFEAD9}.Debug|iPhoneSimulator.ActiveCfg = Debug|iPhoneSimulator
		{2E2DD9EF-29F0-41BD-8D28-ED4783BFEAD9}.Debug|iPhoneSimulator.Build.0 = Debug|iPhoneSimulator
		{2E2DD9EF-29F0-41BD-8D28-ED4783BFEAD9}.Debug|iPhoneSimulator.Deploy.0 = Debug|iPhoneSimulator
		{2E2DD9EF-29F0-41BD-8D28-ED4783BFEAD9}.Debug|x64.ActiveCfg = Debug|iPhone
		{2E2DD9EF-29F0-41BD-8D28-ED4783BFEAD9}.Debug|x64.Build.0 = Debug|iPhone
		{2E2DD9EF-29F0-41BD-8D28-ED4783BFEAD9}.Debug|x64.Deploy.0 = Debug|iPhone
		{2E2DD9EF-29F0-41BD-8D28-ED4783BFEAD9}.Debug|x86.ActiveCfg = Debug|iPhone
		{2E2DD9EF-29F0-41BD-8D28-ED4783BFEAD9}.Debug|x86.Build.0 = Debug|iPhone
		{2E2DD9EF-29F0-41BD-8D28-ED4783BFEAD9}.Debug|x86.Deploy.0 = Debug|iPhone
		{2E2DD9EF-29F0-41BD-8D28-ED4783BFEAD9}.Release|Any CPU.ActiveCfg = Release|iPhone
		{2E2DD9EF-29F0-41BD-8D28-ED4783BFEAD9}.Release|Any CPU.Build.0 = Release|iPhone
		{2E2DD9EF-29F0-41BD-8D28-ED4783BFEAD9}.Release|Any CPU.Deploy.0 = Release|iPhone
		{2E2DD9EF-29F0-41BD-8D28-ED4783BFEAD9}.Release|ARM.ActiveCfg = Release|iPhone
		{2E2DD9EF-29F0-41BD-8D28-ED4783BFEAD9}.Release|ARM.Build.0 = Release|iPhone
		{2E2DD9EF-29F0-41BD-8D28-ED4783BFEAD9}.Release|ARM.Deploy.0 = Release|iPhone
		{2E2DD9EF-29F0-41BD-8D28-ED4783BFEAD9}.Release|iPhone.ActiveCfg = Release|iPhone
		{2E2DD9EF-29F0-41BD-8D28-ED4783BFEAD9}.Release|iPhone.Build.0 = Release|iPhone
		{2E2DD9EF-29F0-41BD-8D28-ED4783BFEAD9}.Release|iPhone.Deploy.0 = Release|iPhone
		{2E2DD9EF-29F0-41BD-8D28-ED4783BFEAD9}.Release|iPhoneSimulator.ActiveCfg = Release|iPhoneSimulator
		{2E2DD9EF-29F0-41BD-8D28-ED4783BFEAD9}.Release|iPhoneSimulator.Build.0 = Release|iPhoneSimulator
		{2E2DD9EF-29F0-41BD-8D28-ED4783BFEAD9}.Release|iPhoneSimulator.Deploy.0 = Release|iPhoneSimulator
		{2E2DD9EF-29F0-41BD-8D28-ED4783BFEAD9}.Release|x64.ActiveCfg = Release|iPhone
		{2E2DD9EF-29F0-41BD-8D28-ED4783BFEAD9}.Release|x64.Build.0 = Release|iPhone
		{2E2DD9EF-29F0-41BD-8D28-ED4783BFEAD9}.Release|x64.Deploy.0 = Release|iPhone
		{2E2DD9EF-29F0-41BD-8D28-ED4783BFEAD9}.Release|x86.ActiveCfg = Release|iPhone
		{2E2DD9EF-29F0-41BD-8D28-ED4783BFEAD9}.Release|x86.Build.0 = Release|iPhone
		{2E2DD9EF-29F0-41BD-8D28-ED4783BFEAD9}.Release|x86.Deploy.0 = Release|iPhone
		{E1CD04BC-6576-46B2-BF77-C722CE594FC8}.Debug|Any CPU.ActiveCfg = Debug|Any CPU
		{E1CD04BC-6576-46B2-BF77-C722CE594FC8}.Debug|Any CPU.Build.0 = Debug|Any CPU
		{E1CD04BC-6576-46B2-BF77-C722CE594FC8}.Debug|Any CPU.Deploy.0 = Debug|Any CPU
		{E1CD04BC-6576-46B2-BF77-C722CE594FC8}.Debug|ARM.ActiveCfg = Debug|Any CPU
		{E1CD04BC-6576-46B2-BF77-C722CE594FC8}.Debug|ARM.Build.0 = Debug|Any CPU
		{E1CD04BC-6576-46B2-BF77-C722CE594FC8}.Debug|ARM.Deploy.0 = Debug|Any CPU
		{E1CD04BC-6576-46B2-BF77-C722CE594FC8}.Debug|iPhone.ActiveCfg = Debug|Any CPU
		{E1CD04BC-6576-46B2-BF77-C722CE594FC8}.Debug|iPhone.Build.0 = Debug|Any CPU
		{E1CD04BC-6576-46B2-BF77-C722CE594FC8}.Debug|iPhone.Deploy.0 = Debug|Any CPU
		{E1CD04BC-6576-46B2-BF77-C722CE594FC8}.Debug|iPhoneSimulator.ActiveCfg = Debug|Any CPU
		{E1CD04BC-6576-46B2-BF77-C722CE594FC8}.Debug|iPhoneSimulator.Build.0 = Debug|Any CPU
		{E1CD04BC-6576-46B2-BF77-C722CE594FC8}.Debug|iPhoneSimulator.Deploy.0 = Debug|Any CPU
		{E1CD04BC-6576-46B2-BF77-C722CE594FC8}.Debug|x64.ActiveCfg = Debug|Any CPU
		{E1CD04BC-6576-46B2-BF77-C722CE594FC8}.Debug|x64.Build.0 = Debug|Any CPU
		{E1CD04BC-6576-46B2-BF77-C722CE594FC8}.Debug|x64.Deploy.0 = Debug|Any CPU
		{E1CD04BC-6576-46B2-BF77-C722CE594FC8}.Debug|x86.ActiveCfg = Debug|Any CPU
		{E1CD04BC-6576-46B2-BF77-C722CE594FC8}.Debug|x86.Build.0 = Debug|Any CPU
		{E1CD04BC-6576-46B2-BF77-C722CE594FC8}.Debug|x86.Deploy.0 = Debug|Any CPU
		{E1CD04BC-6576-46B2-BF77-C722CE594FC8}.Release|Any CPU.ActiveCfg = Release|Any CPU
		{E1CD04BC-6576-46B2-BF77-C722CE594FC8}.Release|Any CPU.Build.0 = Release|Any CPU
		{E1CD04BC-6576-46B2-BF77-C722CE594FC8}.Release|Any CPU.Deploy.0 = Release|Any CPU
		{E1CD04BC-6576-46B2-BF77-C722CE594FC8}.Release|ARM.ActiveCfg = Release|Any CPU
		{E1CD04BC-6576-46B2-BF77-C722CE594FC8}.Release|ARM.Build.0 = Release|Any CPU
		{E1CD04BC-6576-46B2-BF77-C722CE594FC8}.Release|ARM.Deploy.0 = Release|Any CPU
		{E1CD04BC-6576-46B2-BF77-C722CE594FC8}.Release|iPhone.ActiveCfg = Release|Any CPU
		{E1CD04BC-6576-46B2-BF77-C722CE594FC8}.Release|iPhone.Build.0 = Release|Any CPU
		{E1CD04BC-6576-46B2-BF77-C722CE594FC8}.Release|iPhone.Deploy.0 = Release|Any CPU
		{E1CD04BC-6576-46B2-BF77-C722CE594FC8}.Release|iPhoneSimulator.ActiveCfg = Release|Any CPU
		{E1CD04BC-6576-46B2-BF77-C722CE594FC8}.Release|iPhoneSimulator.Build.0 = Release|Any CPU
		{E1CD04BC-6576-46B2-BF77-C722CE594FC8}.Release|iPhoneSimulator.Deploy.0 = Release|Any CPU
		{E1CD04BC-6576-46B2-BF77-C722CE594FC8}.Release|x64.ActiveCfg = Release|Any CPU
		{E1CD04BC-6576-46B2-BF77-C722CE594FC8}.Release|x64.Build.0 = Release|Any CPU
		{E1CD04BC-6576-46B2-BF77-C722CE594FC8}.Release|x64.Deploy.0 = Release|Any CPU
		{E1CD04BC-6576-46B2-BF77-C722CE594FC8}.Release|x86.ActiveCfg = Release|Any CPU
		{E1CD04BC-6576-46B2-BF77-C722CE594FC8}.Release|x86.Build.0 = Release|Any CPU
		{E1CD04BC-6576-46B2-BF77-C722CE594FC8}.Release|x86.Deploy.0 = Release|Any CPU
	EndGlobalSection
	GlobalSection(SolutionProperties) = preSolution
		HideSolutionNode = FALSE
	EndGlobalSection
	GlobalSection(ExtensibilityGlobals) = postSolution
		SolutionGuid = {EB13607D-9BEB-44BA-8F60-C9D256C4B901}
	EndGlobalSection
EndGlobal
